// !$*UTF8*$!
{
	archiveVersion = 1;
	classes = {
	};
	objectVersion = 46;
	objects = {

/* Begin PBXBuildFile section */
		2218B5FB19D3143E002A2EB7 /* SystemUtilities.mm in Sources */ = {isa = PBXBuildFile; fileRef = 2218B5F919D3143E002A2EB7 /* SystemUtilities.mm */; };
		2218B60319D31462002A2EB7 /* sansation.ttf in Resources */ = {isa = PBXBuildFile; fileRef = 2218B5FF19D31462002A2EB7 /* sansation.ttf */; };
		222AEBD219D5BC690057F737 /* CSwingGame.cpp in Sources */ = {isa = PBXBuildFile; fileRef = 222AEBD019D5BC690057F737 /* CSwingGame.cpp */; };
		2247444719D5F6C80017EE1F /* Main.cpp in Sources */ = {isa = PBXBuildFile; fileRef = 2247444519D5F6C80017EE1F /* Main.cpp */; };
		2250711019D4745B00F1179D /* TextUtilties.cpp in Sources */ = {isa = PBXBuildFile; fileRef = 2250710E19D4745B00F1179D /* TextUtilties.cpp */; };
		229FAC0B19DDCBCD001CEFA6 /* CTextFrontEnd.cpp in Sources */ = {isa = PBXBuildFile; fileRef = 229FAC0919DDCBCD001CEFA6 /* CTextFrontEnd.cpp */; };
		22C8293E19D4690800B5C77A /* SFMLIntegration.cpp in Sources */ = {isa = PBXBuildFile; fileRef = 22C8293C19D4690800B5C77A /* SFMLIntegration.cpp */; };
		22FC77D619E033C1000A507F /* CTextureBank.cpp in Sources */ = {isa = PBXBuildFile; fileRef = 22FC77D419E033C1000A507F /* CTextureBank.cpp */; };
		22FC77DF19E04417000A507F /* pugixml.cpp in Sources */ = {isa = PBXBuildFile; fileRef = 22FC77DD19E04417000A507F /* pugixml.cpp */; };
		22FC77E319E04B22000A507F /* CLevel.cpp in Sources */ = {isa = PBXBuildFile; fileRef = 22FC77E119E04B22000A507F /* CLevel.cpp */; };
		22FC77E519E0564D000A507F /* testLevel.xml in Resources */ = {isa = PBXBuildFile; fileRef = 22FC77E419E0564D000A507F /* testLevel.xml */; };
		22FC77ED19E16A17000A507F /* TestLevelBackground.png in Resources */ = {isa = PBXBuildFile; fileRef = 22FC77E719E16A17000A507F /* TestLevelBackground.png */; };
		22FC77EE19E16A17000A507F /* TestLevelBlock0.png in Resources */ = {isa = PBXBuildFile; fileRef = 22FC77E819E16A17000A507F /* TestLevelBlock0.png */; };
		22FC77EF19E16A17000A507F /* TestLevelBlock1.png in Resources */ = {isa = PBXBuildFile; fileRef = 22FC77E919E16A17000A507F /* TestLevelBlock1.png */; };
		22FC77F019E16A17000A507F /* TestLevelBorderX.png in Resources */ = {isa = PBXBuildFile; fileRef = 22FC77EA19E16A17000A507F /* TestLevelBorderX.png */; };
		22FC77F119E16A17000A507F /* TestLevelBorderY.png in Resources */ = {isa = PBXBuildFile; fileRef = 22FC77EB19E16A17000A507F /* TestLevelBorderY.png */; };
		22FC77F419E18145000A507F /* TestLevelGoal.png in Resources */ = {isa = PBXBuildFile; fileRef = 22FC77F319E18145000A507F /* TestLevelGoal.png */; };
		22FC77F819E19144000A507F /* DebugOptions.cpp in Sources */ = {isa = PBXBuildFile; fileRef = 22FC77F619E19144000A507F /* DebugOptions.cpp */; };
		22FC77FB19E1917A000A507F /* GameOptions.cpp in Sources */ = {isa = PBXBuildFile; fileRef = 22FC77F919E1917A000A507F /* GameOptions.cpp */; };
		22FC77FD19E195C0000A507F /* player.png in Resources */ = {isa = PBXBuildFile; fileRef = 22FC77FC19E195C0000A507F /* player.png */; };
/* End PBXBuildFile section */

/* Begin PBXFileReference section */
		2218B5F519D31409002A2EB7 /* SwingGame-Info.plist */ = {isa = PBXFileReference; lastKnownFileType = text.plist.xml; name = "SwingGame-Info.plist"; path = "MacResources/SwingGame-Info.plist"; sourceTree = SOURCE_ROOT; };
		2218B5F819D3143E002A2EB7 /* SystemUtilities.hpp */ = {isa = PBXFileReference; fileEncoding = 4; lastKnownFileType = sourcecode.cpp.h; path = SystemUtilities.hpp; sourceTree = "<group>"; };
		2218B5F919D3143E002A2EB7 /* SystemUtilities.mm */ = {isa = PBXFileReference; fileEncoding = 4; lastKnownFileType = sourcecode.cpp.objcpp; path = SystemUtilities.mm; sourceTree = "<group>"; };
		2218B5FF19D31462002A2EB7 /* sansation.ttf */ = {isa = PBXFileReference; lastKnownFileType = file; name = sansation.ttf; path = Data/sansation.ttf; sourceTree = SOURCE_ROOT; };
		222AEBD019D5BC690057F737 /* CSwingGame.cpp */ = {isa = PBXFileReference; fileEncoding = 4; lastKnownFileType = sourcecode.cpp.cpp; path = CSwingGame.cpp; sourceTree = "<group>"; };
		222AEBD119D5BC690057F737 /* CSwingGame.hpp */ = {isa = PBXFileReference; fileEncoding = 4; lastKnownFileType = sourcecode.cpp.h; path = CSwingGame.hpp; sourceTree = "<group>"; };
		2247444519D5F6C80017EE1F /* Main.cpp */ = {isa = PBXFileReference; fileEncoding = 4; lastKnownFileType = sourcecode.cpp.cpp; path = Main.cpp; sourceTree = "<group>"; };
		2250710E19D4745B00F1179D /* TextUtilties.cpp */ = {isa = PBXFileReference; fileEncoding = 4; lastKnownFileType = sourcecode.cpp.cpp; path = TextUtilties.cpp; sourceTree = "<group>"; };
		2250710F19D4745B00F1179D /* TextUtilties.hpp */ = {isa = PBXFileReference; fileEncoding = 4; lastKnownFileType = sourcecode.cpp.h; path = TextUtilties.hpp; sourceTree = "<group>"; };
		2250711119D4C58D00F1179D /* Enums.hpp */ = {isa = PBXFileReference; lastKnownFileType = sourcecode.cpp.h; path = Enums.hpp; sourceTree = "<group>"; };
		2250711219D4C88C00F1179D /* SwingGame_Prefix.pch */ = {isa = PBXFileReference; lastKnownFileType = sourcecode.c.h; path = SwingGame_Prefix.pch; sourceTree = "<group>"; };
		2250711319D4CA3F00F1179D /* Macros.hpp */ = {isa = PBXFileReference; lastKnownFileType = sourcecode.cpp.h; path = Macros.hpp; sourceTree = "<group>"; };
		229FAC0319DDC997001CEFA6 /* CRenderable.hpp */ = {isa = PBXFileReference; lastKnownFileType = sourcecode.cpp.h; path = CRenderable.hpp; sourceTree = "<group>"; };
		229FAC0419DDCA1B001CEFA6 /* CUpdateable.hpp */ = {isa = PBXFileReference; lastKnownFileType = sourcecode.cpp.h; path = CUpdateable.hpp; sourceTree = "<group>"; };
		229FAC0519DDCAB2001CEFA6 /* CMenu.hpp */ = {isa = PBXFileReference; lastKnownFileType = sourcecode.cpp.h; path = CMenu.hpp; sourceTree = "<group>"; };
		229FAC0919DDCBCD001CEFA6 /* CTextFrontEnd.cpp */ = {isa = PBXFileReference; fileEncoding = 4; lastKnownFileType = sourcecode.cpp.cpp; path = CTextFrontEnd.cpp; sourceTree = "<group>"; };
		229FAC0A19DDCBCD001CEFA6 /* CTextFrontEnd.hpp */ = {isa = PBXFileReference; fileEncoding = 4; lastKnownFileType = sourcecode.cpp.h; path = CTextFrontEnd.hpp; sourceTree = "<group>"; };
		22C3F3EE19D313880043264D /* SwingGame.app */ = {isa = PBXFileReference; explicitFileType = wrapper.application; includeInIndex = 0; path = SwingGame.app; sourceTree = BUILT_PRODUCTS_DIR; };
		22C8293C19D4690800B5C77A /* SFMLIntegration.cpp */ = {isa = PBXFileReference; fileEncoding = 4; lastKnownFileType = sourcecode.cpp.cpp; path = SFMLIntegration.cpp; sourceTree = "<group>"; };
		22C8293D19D4690800B5C77A /* SFMLIntegration.hpp */ = {isa = PBXFileReference; fileEncoding = 4; lastKnownFileType = sourcecode.cpp.h; path = SFMLIntegration.hpp; sourceTree = "<group>"; };
		22FC77D419E033C1000A507F /* CTextureBank.cpp */ = {isa = PBXFileReference; fileEncoding = 4; lastKnownFileType = sourcecode.cpp.cpp; path = CTextureBank.cpp; sourceTree = "<group>"; };
		22FC77D519E033C1000A507F /* CTextureBank.hpp */ = {isa = PBXFileReference; fileEncoding = 4; lastKnownFileType = sourcecode.cpp.h; path = CTextureBank.hpp; sourceTree = "<group>"; };
		22FC77DC19E04417000A507F /* pugiconfig.hpp */ = {isa = PBXFileReference; fileEncoding = 4; lastKnownFileType = sourcecode.cpp.h; path = pugiconfig.hpp; sourceTree = "<group>"; };
		22FC77DD19E04417000A507F /* pugixml.cpp */ = {isa = PBXFileReference; fileEncoding = 4; lastKnownFileType = sourcecode.cpp.cpp; path = pugixml.cpp; sourceTree = "<group>"; };
		22FC77DE19E04417000A507F /* pugixml.hpp */ = {isa = PBXFileReference; fileEncoding = 4; lastKnownFileType = sourcecode.cpp.h; path = pugixml.hpp; sourceTree = "<group>"; };
		22FC77E019E045EE000A507F /* CGameLocation.hpp */ = {isa = PBXFileReference; lastKnownFileType = sourcecode.cpp.h; path = CGameLocation.hpp; sourceTree = "<group>"; };
		22FC77E119E04B22000A507F /* CLevel.cpp */ = {isa = PBXFileReference; fileEncoding = 4; lastKnownFileType = sourcecode.cpp.cpp; path = CLevel.cpp; sourceTree = "<group>"; };
		22FC77E219E04B22000A507F /* CLevel.hpp */ = {isa = PBXFileReference; fileEncoding = 4; lastKnownFileType = sourcecode.cpp.h; path = CLevel.hpp; sourceTree = "<group>"; };
		22FC77E419E0564D000A507F /* testLevel.xml */ = {isa = PBXFileReference; fileEncoding = 4; lastKnownFileType = text.xml; name = testLevel.xml; path = Data/testLevel.xml; sourceTree = SOURCE_ROOT; };
		22FC77E719E16A17000A507F /* TestLevelBackground.png */ = {isa = PBXFileReference; lastKnownFileType = image.png; name = TestLevelBackground.png; path = Data/TestLevelBackground.png; sourceTree = SOURCE_ROOT; };
		22FC77E819E16A17000A507F /* TestLevelBlock0.png */ = {isa = PBXFileReference; lastKnownFileType = image.png; name = TestLevelBlock0.png; path = Data/TestLevelBlock0.png; sourceTree = SOURCE_ROOT; };
		22FC77E919E16A17000A507F /* TestLevelBlock1.png */ = {isa = PBXFileReference; lastKnownFileType = image.png; name = TestLevelBlock1.png; path = Data/TestLevelBlock1.png; sourceTree = SOURCE_ROOT; };
		22FC77EA19E16A17000A507F /* TestLevelBorderX.png */ = {isa = PBXFileReference; lastKnownFileType = image.png; name = TestLevelBorderX.png; path = Data/TestLevelBorderX.png; sourceTree = SOURCE_ROOT; };
		22FC77EB19E16A17000A507F /* TestLevelBorderY.png */ = {isa = PBXFileReference; lastKnownFileType = image.png; name = TestLevelBorderY.png; path = Data/TestLevelBorderY.png; sourceTree = SOURCE_ROOT; };
		22FC77F319E18145000A507F /* TestLevelGoal.png */ = {isa = PBXFileReference; lastKnownFileType = image.png; name = TestLevelGoal.png; path = Data/TestLevelGoal.png; sourceTree = SOURCE_ROOT; };
		22FC77F619E19144000A507F /* DebugOptions.cpp */ = {isa = PBXFileReference; fileEncoding = 4; lastKnownFileType = sourcecode.cpp.cpp; path = DebugOptions.cpp; sourceTree = "<group>"; };
		22FC77F719E19144000A507F /* DebugOptions.hpp */ = {isa = PBXFileReference; fileEncoding = 4; lastKnownFileType = sourcecode.cpp.h; path = DebugOptions.hpp; sourceTree = "<group>"; };
		22FC77F919E1917A000A507F /* GameOptions.cpp */ = {isa = PBXFileReference; fileEncoding = 4; lastKnownFileType = sourcecode.cpp.cpp; path = GameOptions.cpp; sourceTree = "<group>"; };
		22FC77FA19E1917A000A507F /* GameOptions.hpp */ = {isa = PBXFileReference; fileEncoding = 4; lastKnownFileType = sourcecode.cpp.h; path = GameOptions.hpp; sourceTree = "<group>"; };
		22FC77FC19E195C0000A507F /* player.png */ = {isa = PBXFileReference; lastKnownFileType = image.png; name = player.png; path = Data/player.png; sourceTree = SOURCE_ROOT; };
/* End PBXFileReference section */

/* Begin PBXFrameworksBuildPhase section */
		22C3F3EA19D313880043264D /* Frameworks */ = {
			isa = PBXFrameworksBuildPhase;
			buildActionMask = 2147483647;
			files = (
			);
			runOnlyForDeploymentPostprocessing = 0;
		};
/* End PBXFrameworksBuildPhase section */

/* Begin PBXGroup section */
		2218B5F619D3143E002A2EB7 /* Source */ = {
			isa = PBXGroup;
			children = (
				22FC77DA19E04417000A507F /* Libraries */,
				2218B5F819D3143E002A2EB7 /* SystemUtilities.hpp */,
				2218B5F919D3143E002A2EB7 /* SystemUtilities.mm */,
				22C8293C19D4690800B5C77A /* SFMLIntegration.cpp */,
				22C8293D19D4690800B5C77A /* SFMLIntegration.hpp */,
				2250710E19D4745B00F1179D /* TextUtilties.cpp */,
				2250710F19D4745B00F1179D /* TextUtilties.hpp */,
				2250711119D4C58D00F1179D /* Enums.hpp */,
				2250711219D4C88C00F1179D /* SwingGame_Prefix.pch */,
				2250711319D4CA3F00F1179D /* Macros.hpp */,
				222AEBD019D5BC690057F737 /* CSwingGame.cpp */,
				222AEBD119D5BC690057F737 /* CSwingGame.hpp */,
				2247444519D5F6C80017EE1F /* Main.cpp */,
				229FAC0319DDC997001CEFA6 /* CRenderable.hpp */,
				229FAC0419DDCA1B001CEFA6 /* CUpdateable.hpp */,
				229FAC0519DDCAB2001CEFA6 /* CMenu.hpp */,
				229FAC0919DDCBCD001CEFA6 /* CTextFrontEnd.cpp */,
				229FAC0A19DDCBCD001CEFA6 /* CTextFrontEnd.hpp */,
				22FC77D419E033C1000A507F /* CTextureBank.cpp */,
				22FC77D519E033C1000A507F /* CTextureBank.hpp */,
				22FC77E019E045EE000A507F /* CGameLocation.hpp */,
				22FC77E119E04B22000A507F /* CLevel.cpp */,
				22FC77E219E04B22000A507F /* CLevel.hpp */,
				22FC77F619E19144000A507F /* DebugOptions.cpp */,
				22FC77F719E19144000A507F /* DebugOptions.hpp */,
				22FC77F919E1917A000A507F /* GameOptions.cpp */,
				22FC77FA19E1917A000A507F /* GameOptions.hpp */,
			);
			path = Source;
			sourceTree = SOURCE_ROOT;
		};
		22C3F3E419D313880043264D = {
			isa = PBXGroup;
			children = (
				22C3F3F019D313880043264D /* SwingGame */,
				22C3F3EF19D313880043264D /* Products */,
			);
			sourceTree = "<group>";
		};
		22C3F3EF19D313880043264D /* Products */ = {
			isa = PBXGroup;
			children = (
				22C3F3EE19D313880043264D /* SwingGame.app */,
			);
			name = Products;
			sourceTree = "<group>";
		};
		22C3F3F019D313880043264D /* SwingGame */ = {
			isa = PBXGroup;
			children = (
				2218B5F619D3143E002A2EB7 /* Source */,
				22C3F3F819D313880043264D /* Resources */,
				22C3F3F119D313880043264D /* Supporting Files */,
			);
			path = SwingGame;
			sourceTree = "<group>";
		};
		22C3F3F119D313880043264D /* Supporting Files */ = {
			isa = PBXGroup;
			children = (
				2218B5F519D31409002A2EB7 /* SwingGame-Info.plist */,
			);
			name = "Supporting Files";
			sourceTree = "<group>";
		};
		22C3F3F819D313880043264D /* Resources */ = {
			isa = PBXGroup;
			children = (
				22FC77FC19E195C0000A507F /* player.png */,
				22FC77E719E16A17000A507F /* TestLevelBackground.png */,
				22FC77F319E18145000A507F /* TestLevelGoal.png */,
				22FC77E819E16A17000A507F /* TestLevelBlock0.png */,
				22FC77E919E16A17000A507F /* TestLevelBlock1.png */,
				22FC77EA19E16A17000A507F /* TestLevelBorderX.png */,
				22FC77EB19E16A17000A507F /* TestLevelBorderY.png */,
				22FC77E419E0564D000A507F /* testLevel.xml */,
				2218B5FF19D31462002A2EB7 /* sansation.ttf */,
			);
			name = Resources;
			sourceTree = "<group>";
		};
		22FC77DA19E04417000A507F /* Libraries */ = {
			isa = PBXGroup;
			children = (
				22FC77DB19E04417000A507F /* pugixml */,
			);
			path = Libraries;
			sourceTree = "<group>";
		};
		22FC77DB19E04417000A507F /* pugixml */ = {
			isa = PBXGroup;
			children = (
				22FC77DC19E04417000A507F /* pugiconfig.hpp */,
				22FC77DD19E04417000A507F /* pugixml.cpp */,
				22FC77DE19E04417000A507F /* pugixml.hpp */,
			);
			path = pugixml;
			sourceTree = "<group>";
		};
/* End PBXGroup section */

/* Begin PBXNativeTarget section */
		22C3F3ED19D313880043264D /* SwingGame */ = {
			isa = PBXNativeTarget;
			buildConfigurationList = 22C3F40319D313880043264D /* Build configuration list for PBXNativeTarget "SwingGame" */;
			buildPhases = (
				22C3F3E919D313880043264D /* Sources */,
				22C3F3EA19D313880043264D /* Frameworks */,
				22C3F3EB19D313880043264D /* Resources */,
				22C3F3EC19D313880043264D /* ShellScript */,
			);
			buildRules = (
			);
			dependencies = (
			);
			name = SwingGame;
			productName = SwingGame;
			productReference = 22C3F3EE19D313880043264D /* SwingGame.app */;
			productType = "com.apple.product-type.application";
		};
/* End PBXNativeTarget section */

/* Begin PBXProject section */
		22C3F3E519D313880043264D /* Project object */ = {
			isa = PBXProject;
			attributes = {
				LastUpgradeCheck = 0510;
				ORGANIZATIONNAME = tbrier;
			};
			buildConfigurationList = 22C3F3E819D313880043264D /* Build configuration list for PBXProject "SwingGame" */;
			compatibilityVersion = "Xcode 3.2";
			developmentRegion = English;
			hasScannedForEncodings = 0;
			knownRegions = (
				en,
			);
			mainGroup = 22C3F3E419D313880043264D;
			productRefGroup = 22C3F3EF19D313880043264D /* Products */;
			projectDirPath = "";
			projectRoot = "";
			targets = (
				22C3F3ED19D313880043264D /* SwingGame */,
			);
		};
/* End PBXProject section */

/* Begin PBXResourcesBuildPhase section */
		22C3F3EB19D313880043264D /* Resources */ = {
			isa = PBXResourcesBuildPhase;
			buildActionMask = 2147483647;
			files = (
				22FC77EE19E16A17000A507F /* TestLevelBlock0.png in Resources */,
				22FC77E519E0564D000A507F /* testLevel.xml in Resources */,
				22FC77ED19E16A17000A507F /* TestLevelBackground.png in Resources */,
				22FC77F019E16A17000A507F /* TestLevelBorderX.png in Resources */,
				22FC77EF19E16A17000A507F /* TestLevelBlock1.png in Resources */,
				22FC77FD19E195C0000A507F /* player.png in Resources */,
				22FC77F419E18145000A507F /* TestLevelGoal.png in Resources */,
				22FC77F119E16A17000A507F /* TestLevelBorderY.png in Resources */,
				2218B60319D31462002A2EB7 /* sansation.ttf in Resources */,
			);
			runOnlyForDeploymentPostprocessing = 0;
		};
/* End PBXResourcesBuildPhase section */

/* Begin PBXShellScriptBuildPhase section */
		22C3F3EC19D313880043264D /* ShellScript */ = {
			isa = PBXShellScriptBuildPhase;
			buildActionMask = 2147483647;
			files = (
			);
			inputPaths = (
			);
			outputPaths = (
			);
			runOnlyForDeploymentPostprocessing = 0;
			shellPath = /bin/sh;
			shellScript = "# This shell script simply copies required sfml dylibs/frameworks into the application bundle frameworks folder.\n# If you're using static libraries (which is not recommended) you should remove this script from your project.\n\n# Are we building a project that uses framework or dylibs ?\ncase \"$SFML_BINARY_TYPE\" in\n    DYLIBS)\n        frameworks=\"false\"\n        ;;\n    *)\n        frameworks=\"true\"\n        ;;\nesac\n\n# Echoes to stderr\nerror () # $* message to display\n{\n    echo $* 1>&2\n    exit 2\n}\n\nassert () # $1 is a boolean, $2...N is an error message\n{\n    if [ $# -lt 2 ]\n    then\n        error \"Internal error in assert : not enough args\"\n    fi\n\n    if [ $1 -ne 0 ]\n    then\n        shift\n        error \"$*\"\n    fi\n}\n\nforce_remove () # $1 is a path\n{\n    test $# -eq 1\n    assert $? \"force_remove() requires one parameter\"\n    rm -fr \"$1\"\n    assert $? \"couldn't remove $1\"\n}\n\ncopy () # $1 is a source, $2 is a destination\n{\n    test $# -eq 2\n    assert $? \"copy() requires two parameters\"\n    ditto \"$1\" \"$2\"\n    assert $? \"couldn't copy $1 to $2\"\n}\n\nrequire () # $1 is a SFML module like 'system' or 'audio'\n{\n    dest=\"$BUILT_PRODUCTS_DIR/$PRODUCT_NAME.app/Contents/Frameworks\"\n\n    if [ -z \"$1\" ]\n    then\n        error \"require() requires one parameter!\"\n    else\n        # clean potentially old stuff\n        force_remove \"$dest/libsfml-$1.2.dylib\"\n        force_remove \"$dest/libsfml-$1-d.2.dylib\"\n        force_remove \"$dest/sfml-$1.framework\"\n\n        # copy SFML libraries\n        if [ \"$frameworks\" = \"true\" ]\n        then\n            copy \"/Library/Frameworks/sfml-$1.framework\" \"$dest/sfml-$1.framework\"\n        elif [ \"$SFML_LINK_DYLIBS_SUFFIX\" = \"-d\" ]\n        then\n            copy \"/usr/local/lib/libsfml-$1-d.2.dylib\" \"$dest/libsfml-$1-d.2.dylib\"\n        else\n            copy \"/usr/local/lib/libsfml-$1.2.dylib\" \"$dest/libsfml-$1.2.dylib\"\n        fi\n\n        if [ \"$1\" = \"audio\" ]\n        then\n            # copy sndfile framework too\n            copy \"/Library/Frameworks/sndfile.framework\" \"$dest/sndfile.framework\"\n        fi\n\n        if [ \"$1\" = \"graphics\" ]\n        then\n            # copy freetype framework too\n            copy \"/Library/Frameworks/freetype.framework\" \"$dest/freetype.framework\"\n        fi\n    fi\n}\n\nif [ -n \"$SFML_SYSTEM\" ]\nthen\n    require \"system\"\nfi\n\nif [ -n \"$SFML_AUDIO\" ]\nthen\n    require \"audio\"\nfi\n\nif [ -n \"$SFML_NETWORK\" ]\nthen\n    require \"network\"\nfi\n\nif [ -n \"$SFML_WINDOW\" ]\nthen\n    require \"window\"\nfi\n\nif [ -n \"$SFML_GRAPHICS\" ]\nthen\n    require \"graphics\"\nfi\n\n                ";
		};
/* End PBXShellScriptBuildPhase section */

/* Begin PBXSourcesBuildPhase section */
		22C3F3E919D313880043264D /* Sources */ = {
			isa = PBXSourcesBuildPhase;
			buildActionMask = 2147483647;
			files = (
				22FC77E319E04B22000A507F /* CLevel.cpp in Sources */,
				229FAC0B19DDCBCD001CEFA6 /* CTextFrontEnd.cpp in Sources */,
				2247444719D5F6C80017EE1F /* Main.cpp in Sources */,
				22C8293E19D4690800B5C77A /* SFMLIntegration.cpp in Sources */,
				22FC77FB19E1917A000A507F /* GameOptions.cpp in Sources */,
				22FC77F819E19144000A507F /* DebugOptions.cpp in Sources */,
				22FC77D619E033C1000A507F /* CTextureBank.cpp in Sources */,
				2250711019D4745B00F1179D /* TextUtilties.cpp in Sources */,
				2218B5FB19D3143E002A2EB7 /* SystemUtilities.mm in Sources */,
				22FC77DF19E04417000A507F /* pugixml.cpp in Sources */,
				222AEBD219D5BC690057F737 /* CSwingGame.cpp in Sources */,
			);
			runOnlyForDeploymentPostprocessing = 0;
		};
/* End PBXSourcesBuildPhase section */

/* Begin XCBuildConfiguration section */
		22C3F40119D313880043264D /* Debug */ = {
			isa = XCBuildConfiguration;
			buildSettings = {
				ARCHS = "$(ARCHS_STANDARD_32_64_BIT)";
				CLANG_CXX_LANGUAGE_STANDARD = "c++0x";
				CLANG_CXX_LIBRARY = "libc++";
				CLANG_WARN_EMPTY_BODY = YES;
				CLANG_WARN__DUPLICATE_METHOD_MATCH = YES;
				FRAMEWORK_SEARCH_PATHS = (
					/Library/Frameworks/,
					"$(inherited)",
				);
				GCC_OPTIMIZATION_LEVEL = 0;
				GCC_PREPROCESSOR_DEFINITIONS = (
					"DEBUG=1",
					"$(inherited)",
				);
				GCC_VERSION = com.apple.compilers.llvm.clang.1_0;
				GCC_WARN_ABOUT_RETURN_TYPE = YES;
				GCC_WARN_UNINITIALIZED_AUTOS = YES;
				GCC_WARN_UNUSED_VARIABLE = YES;
				HEADER_SEARCH_PATHS = (
					/usr/local/include/,
					"$(inherited)",
				);
				LIBRARY_SEARCH_PATHS = (
					/usr/local/lib/,
					"$(inherited)",
				);
				ONLY_ACTIVE_ARCH = NO;
				OTHER_LDFLAGS = (
					"$(inherited)",
					"$(SFML_SYSTEM)",
					"$(SFML_WINDOW)",
					"$(SFML_GRAPHICS)",
					"$(SFML_AUDIO)",
					"$(SFML_NETWORK)",
				);
				SFML_AUDIO = "$(SFML_LINK_PREFIX) sfml-audio$(SFML_LINK_SUFFIX)";
				SFML_BINARY_TYPE = FRAMEWORKS;
				SFML_GRAPHICS = "$(SFML_LINK_PREFIX) sfml-graphics$(SFML_LINK_SUFFIX)";
				SFML_LINK_DYLIBS_PREFIX = "-l";
				SFML_LINK_DYLIBS_SUFFIX = "";
				SFML_LINK_FRAMEWORKS_PREFIX = "-framework";
				SFML_LINK_FRAMEWORKS_SUFFIX = "";
				SFML_LINK_PREFIX = "$(SFML_LINK_$(SFML_BINARY_TYPE)_PREFIX)";
				SFML_LINK_SUFFIX = "$(SFML_LINK_$(SFML_BINARY_TYPE)_SUFFIX)";
				SFML_NETWORK = "";
				SFML_SYSTEM = "$(SFML_LINK_PREFIX) sfml-system$(SFML_LINK_SUFFIX)";
				SFML_WINDOW = "$(SFML_LINK_PREFIX) sfml-window$(SFML_LINK_SUFFIX)";
				SUPPORTED_PLATFORMS = macosx;
			};
			name = Debug;
		};
		22C3F40219D313880043264D /* Release */ = {
			isa = XCBuildConfiguration;
			buildSettings = {
				ARCHS = "$(ARCHS_STANDARD_32_64_BIT)";
				CLANG_CXX_LANGUAGE_STANDARD = "c++0x";
				CLANG_CXX_LIBRARY = "libc++";
				CLANG_WARN_EMPTY_BODY = YES;
				CLANG_WARN__DUPLICATE_METHOD_MATCH = YES;
				COPY_PHASE_STRIP = YES;
				FRAMEWORK_SEARCH_PATHS = (
					/Library/Frameworks/,
					"$(inherited)",
				);
				GCC_VERSION = com.apple.compilers.llvm.clang.1_0;
				GCC_WARN_ABOUT_RETURN_TYPE = YES;
				GCC_WARN_UNINITIALIZED_AUTOS = YES;
				GCC_WARN_UNUSED_VARIABLE = YES;
				HEADER_SEARCH_PATHS = (
					/usr/local/include/,
					"$(inherited)",
				);
				LIBRARY_SEARCH_PATHS = (
					/usr/local/lib/,
					"$(inherited)",
				);
				ONLY_ACTIVE_ARCH = NO;
				OTHER_LDFLAGS = (
					"$(inherited)",
					"$(SFML_SYSTEM)",
					"$(SFML_WINDOW)",
					"$(SFML_GRAPHICS)",
					"$(SFML_AUDIO)",
					"$(SFML_NETWORK)",
				);
				SFML_AUDIO = "$(SFML_LINK_PREFIX) sfml-audio$(SFML_LINK_SUFFIX)";
				SFML_BINARY_TYPE = FRAMEWORKS;
				SFML_GRAPHICS = "$(SFML_LINK_PREFIX) sfml-graphics$(SFML_LINK_SUFFIX)";
				SFML_LINK_DYLIBS_PREFIX = "-l";
				SFML_LINK_DYLIBS_SUFFIX = "";
				SFML_LINK_FRAMEWORKS_PREFIX = "-framework";
				SFML_LINK_FRAMEWORKS_SUFFIX = "";
				SFML_LINK_PREFIX = "$(SFML_LINK_$(SFML_BINARY_TYPE)_PREFIX)";
				SFML_LINK_SUFFIX = "$(SFML_LINK_$(SFML_BINARY_TYPE)_SUFFIX)";
				SFML_NETWORK = "";
				SFML_SYSTEM = "$(SFML_LINK_PREFIX) sfml-system$(SFML_LINK_SUFFIX)";
				SFML_WINDOW = "$(SFML_LINK_PREFIX) sfml-window$(SFML_LINK_SUFFIX)";
				SUPPORTED_PLATFORMS = macosx;
			};
			name = Release;
		};
		22C3F40419D313880043264D /* Debug */ = {
			isa = XCBuildConfiguration;
			buildSettings = {
				GCC_PREFIX_HEADER = Source/SwingGame_Prefix.pch;
				INFOPLIST_FILE = "MacResources/SwingGame-Info.plist";
				PRODUCT_NAME = "$(TARGET_NAME)";
			};
			name = Debug;
		};
		22C3F40519D313880043264D /* Release */ = {
			isa = XCBuildConfiguration;
			buildSettings = {
				GCC_PREFIX_HEADER = Source/SwingGame_Prefix.pch;
				INFOPLIST_FILE = "MacResources/SwingGame-Info.plist";
				PRODUCT_NAME = "$(TARGET_NAME)";
			};
			name = Release;
		};
/* End XCBuildConfiguration section */

/* Begin XCConfigurationList section */
		22C3F3E819D313880043264D /* Build configuration list for PBXProject "SwingGame" */ = {
			isa = XCConfigurationList;
			buildConfigurations = (
				22C3F40119D313880043264D /* Debug */,
				22C3F40219D313880043264D /* Release */,
			);
			defaultConfigurationIsVisible = 0;
			defaultConfigurationName = Release;
		};
		22C3F40319D313880043264D /* Build configuration list for PBXNativeTarget "SwingGame" */ = {
			isa = XCConfigurationList;
			buildConfigurations = (
				22C3F40419D313880043264D /* Debug */,
				22C3F40519D313880043264D /* Release */,
			);
			defaultConfigurationIsVisible = 0;
			defaultConfigurationName = Release;
		};
/* End XCConfigurationList section */
	};
	rootObject = 22C3F3E519D313880043264D /* Project object */;
}
